{
  "version": "4",
  "specifiers": {
    "jsr:@std/assert@1.0.2": "1.0.2",
    "jsr:@std/encoding@1.0.1": "1.0.1",
    "jsr:@std/fs@1.0.14": "1.0.14",
    "jsr:@std/fs@1.0.5": "1.0.5",
    "jsr:@std/internal@^1.0.1": "1.0.5",
    "jsr:@std/path@1.0.7": "1.0.7",
    "jsr:@std/path@^1.0.7": "1.0.8",
    "jsr:@std/path@^1.0.8": "1.0.8",
    "npm:@types/node@*": "22.10.2",
    "npm:vite@*": "6.0.4_@types+node@22.10.2"
  },
  "jsr": {
    "@std/assert@1.0.2": {
      "integrity": "ccacec332958126deaceb5c63ff8b4eaf9f5ed0eac9feccf124110435e59e49c",
      "dependencies": [
        "jsr:@std/internal"
      ]
    },
    "@std/encoding@1.0.1": {
      "integrity": "5955c6c542ebb4ce6587c3b548dc71e07a6c27614f1976d1d3887b1196cf4e65"
    },
    "@std/fs@1.0.5": {
      "integrity": "41806ad6823d0b5f275f9849a2640d87e4ef67c51ee1b8fb02426f55e02fd44e",
      "dependencies": [
        "jsr:@std/path@^1.0.7"
      ]
    },
    "@std/fs@1.0.14": {
      "integrity": "1e84bf0b95fe08f41f1f4aea9717bbf29f45408a56ce073b0114474ce1c9fccf",
      "dependencies": [
        "jsr:@std/path@^1.0.8"
      ]
    },
    "@std/internal@1.0.5": {
      "integrity": "54a546004f769c1ac9e025abd15a76b6671ddc9687e2313b67376125650dc7ba"
    },
    "@std/path@1.0.7": {
      "integrity": "76a689e07f0e15dcc6002ec39d0866797e7156629212b28f27179b8a5c3b33a1"
    },
    "@std/path@1.0.8": {
      "integrity": "548fa456bb6a04d3c1a1e7477986b6cffbce95102d0bb447c67c4ee70e0364be"
    }
  },
  "npm": {
    "@esbuild/aix-ppc64@0.24.1": {
      "integrity": "sha512-rHKbvBIQEe46PUybicWHsWmStdB3fvHi7CKa36Ip6xUqEr61BmGcnrYohXRNswU9zP/okYLXMzIW6D0neeNv6Q=="
    },
    "@esbuild/android-arm64@0.24.1": {
      "integrity": "sha512-0jrWbRDWSPNSmt0HDp4qhWHeL69BL3YSSCGlwNn4logcOijz7nLMsHLT1g5Kb9A8T3dCjX+5qekr5zkH+gbqxQ=="
    },
    "@esbuild/android-arm@0.24.1": {
      "integrity": "sha512-gKHsqtULVpVfsffGLaU/W4Jx+DLU8BLOQtvBrg+R22tz422VMgBK5moQ/ELDTRPR7Tqt9gLNk13XlvOFinXSzQ=="
    },
    "@esbuild/android-x64@0.24.1": {
      "integrity": "sha512-FafSki3AkovwnU7zSMDyMKP93Fre1E+c7/mVErP46Y+63RiU2fvKekgpMuLkABDGLGahB/DD0PkPm0YAINmH0Q=="
    },
    "@esbuild/darwin-arm64@0.24.1": {
      "integrity": "sha512-hJU5uPOQ0SBZ+0OZVx9dkpNyS0Cj1O7sjmqFMeQdp5ATYzCHhMD0CREHgq59eB0AFtCYDBoNcZXNJPwEZ/XDpA=="
    },
    "@esbuild/darwin-x64@0.24.1": {
      "integrity": "sha512-siNAX65WSBKU7c+XJEKByMruE/JsHY9HU+n5BIMiNlo5axVbWwGXN4HhJQzOlY4TtOwSt3LRbS0zuI5SOjgoyg=="
    },
    "@esbuild/freebsd-arm64@0.24.1": {
      "integrity": "sha512-Kkl8APGvkp1S1g9tttiicChe49p+A3198sISIVcUGECqDPFXk9hSmVrUmaoCZWKo/zGK9TgLczLRLXduuhLplw=="
    },
    "@esbuild/freebsd-x64@0.24.1": {
      "integrity": "sha512-7hm+A84yjna/LTVLad+8iG5cB/Ik+M/ekSrN4ALs9GolbwcyvtjSD+xoPhFFAg8D7xVu0JdDIoNNZ6+KWLcPoQ=="
    },
    "@esbuild/linux-arm64@0.24.1": {
      "integrity": "sha512-hjv91wG/3V8oKFa6yAew5wFYc+8usgOL/VH6cNEqFtqpWf8RDmwMIRnTmqwxGJ9/9H5ib3KZfgcIgYwoX7F9VQ=="
    },
    "@esbuild/linux-arm@0.24.1": {
      "integrity": "sha512-USovmgDDpiWs16nRCH/NmRfQUJEaGGDPHqK6+pGzuMZOfoe0MAciJRMu1AKP3Ky4gnpuQcXv7aPHpX0IwLWRhA=="
    },
    "@esbuild/linux-ia32@0.24.1": {
      "integrity": "sha512-TwspFcPJpYyBqDcoqSLBBaoGRGiPWkjH5V4raiFQ6maAkBho/rfQvtVpNPkLHEwnPlVSdl4HkHZ3n7NvvtU10w=="
    },
    "@esbuild/linux-loong64@0.24.1": {
      "integrity": "sha512-BS3gcpF33m9hiVFeMCF2+LTdkEr/JljXZGQrlR0Bb7B3pn+uQrAJebclIGar+r8BDJ2yvX9bN4GmMPIKdS20EA=="
    },
    "@esbuild/linux-mips64el@0.24.1": {
      "integrity": "sha512-X35vI7EufAX17Nqo6XoD89/HSlPJUB5zJ1UKeTiGOLXpOaz7zo+t1trSQOoq2Gr8usOX++S77VUw6L2wTMc2cA=="
    },
    "@esbuild/linux-ppc64@0.24.1": {
      "integrity": "sha512-I+XQCBhTIXKqyLFDcyMP9Dp0u0fx2TiH3BTh4iIg58/a5hmS3l3Yr2AHG8gEsmjUA7WGfKy2ZqxsaVud15iI1w=="
    },
    "@esbuild/linux-riscv64@0.24.1": {
      "integrity": "sha512-wK7f0cK/Mq2x42ImYAr+OWzyv4OQUQj/RcKvbxcEoe46LFCa4w08Cqow9zX8vN9SE8BScm4NGYT7CO0G8UBrTA=="
    },
    "@esbuild/linux-s390x@0.24.1": {
      "integrity": "sha512-47oImRwZavr5qEvEHNPcdly8LuFp3i4xrqT9mNbUn4ZKbwyegVp10k1E1YARiOim8ggfPAPABhPqXdS1NJOAnw=="
    },
    "@esbuild/linux-x64@0.24.1": {
      "integrity": "sha512-8qkGHVK1hH819iH7c9OsQsfUhJ0cgznoGT6vHRNxvNFPhcn0Y7HXLS0ndpY1sUkSM+umIdknz6vEqgPk6pbyIA=="
    },
    "@esbuild/netbsd-arm64@0.24.1": {
      "integrity": "sha512-lH+bWKi8aCvlDu0vDVcZV4ENiHjVus3SQFueeydJ/mSfKywQ3LnbSjJ8PUgj+3dllq1OTFCGgh+x/14hrULVrg=="
    },
    "@esbuild/netbsd-x64@0.24.1": {
      "integrity": "sha512-OdjqCVKtJuxRk9gPit/iI4/wSCGOnCcuPkgkT8Pt+0vM63QUOBd5oNX2umXUBr4bYTpSCL/aGxrAb3qENcqA4g=="
    },
    "@esbuild/openbsd-arm64@0.24.1": {
      "integrity": "sha512-wy2psEw0wc+xbSB4Et3XZaONClCagOlQTsqRJaLtCcPggnuZMfb17c5T5w6RO6pFF5J2SWoM7+MJuWUEzvQN+Q=="
    },
    "@esbuild/openbsd-x64@0.24.1": {
      "integrity": "sha512-GClG42X5JYHoQU5Jry0u+uN2vmKOwrifl10IvDBXtkxyGr9oqOJyrd2U+H2ZoZGNIt21d7WcVJJmJq3I3fl+5g=="
    },
    "@esbuild/sunos-x64@0.24.1": {
      "integrity": "sha512-a0VfBsFPrlFKxzXuJ4nP0ia3jEbzBk/JW2wEW44dwr0RDOr/Y1+d+EJgT6L3h8y9X8ctig7ks0rWlbjkPn6PcA=="
    },
    "@esbuild/win32-arm64@0.24.1": {
      "integrity": "sha512-HqeXG1ttUnENzcGlPr0ouQHk8PQIoWi3thXElmafH1pVxC94sYdBVQregb2Qz7l1BmooUIOnzCGPCT4Oma0yTg=="
    },
    "@esbuild/win32-ia32@0.24.1": {
      "integrity": "sha512-uA0iNg5jSy9XMiugX8Qtm3p9uUl9hi4JbOY18KnFBNTB+GsfJIWrDpE1cRFZrSHePiZs9cAwnprILpAKJWuYig=="
    },
    "@esbuild/win32-x64@0.24.1": {
      "integrity": "sha512-wekV0z60AyaD8yYgRtxckqvGzzVaQmQRAhNrR352KzXLfhc4peh3UBMMmtYHbOqml6KblKy7oihC1eaZS68vRw=="
    },
    "@rollup/rollup-android-arm-eabi@4.28.1": {
      "integrity": "sha512-2aZp8AES04KI2dy3Ss6/MDjXbwBzj+i0GqKtWXgw2/Ma6E4jJvujryO6gJAghIRVz7Vwr9Gtl/8na3nDUKpraQ=="
    },
    "@rollup/rollup-android-arm64@4.28.1": {
      "integrity": "sha512-EbkK285O+1YMrg57xVA+Dp0tDBRB93/BZKph9XhMjezf6F4TpYjaUSuPt5J0fZXlSag0LmZAsTmdGGqPp4pQFA=="
    },
    "@rollup/rollup-darwin-arm64@4.28.1": {
      "integrity": "sha512-prduvrMKU6NzMq6nxzQw445zXgaDBbMQvmKSJaxpaZ5R1QDM8w+eGxo6Y/jhT/cLoCvnZI42oEqf9KQNYz1fqQ=="
    },
    "@rollup/rollup-darwin-x64@4.28.1": {
      "integrity": "sha512-WsvbOunsUk0wccO/TV4o7IKgloJ942hVFK1CLatwv6TJspcCZb9umQkPdvB7FihmdxgaKR5JyxDjWpCOp4uZlQ=="
    },
    "@rollup/rollup-freebsd-arm64@4.28.1": {
      "integrity": "sha512-HTDPdY1caUcU4qK23FeeGxCdJF64cKkqajU0iBnTVxS8F7H/7BewvYoG+va1KPSL63kQ1PGNyiwKOfReavzvNA=="
    },
    "@rollup/rollup-freebsd-x64@4.28.1": {
      "integrity": "sha512-m/uYasxkUevcFTeRSM9TeLyPe2QDuqtjkeoTpP9SW0XxUWfcYrGDMkO/m2tTw+4NMAF9P2fU3Mw4ahNvo7QmsQ=="
    },
    "@rollup/rollup-linux-arm-gnueabihf@4.28.1": {
      "integrity": "sha512-QAg11ZIt6mcmzpNE6JZBpKfJaKkqTm1A9+y9O+frdZJEuhQxiugM05gnCWiANHj4RmbgeVJpTdmKRmH/a+0QbA=="
    },
    "@rollup/rollup-linux-arm-musleabihf@4.28.1": {
      "integrity": "sha512-dRP9PEBfolq1dmMcFqbEPSd9VlRuVWEGSmbxVEfiq2cs2jlZAl0YNxFzAQS2OrQmsLBLAATDMb3Z6MFv5vOcXg=="
    },
    "@rollup/rollup-linux-arm64-gnu@4.28.1": {
      "integrity": "sha512-uGr8khxO+CKT4XU8ZUH1TTEUtlktK6Kgtv0+6bIFSeiSlnGJHG1tSFSjm41uQ9sAO/5ULx9mWOz70jYLyv1QkA=="
    },
    "@rollup/rollup-linux-arm64-musl@4.28.1": {
      "integrity": "sha512-QF54q8MYGAqMLrX2t7tNpi01nvq5RI59UBNx+3+37zoKX5KViPo/gk2QLhsuqok05sSCRluj0D00LzCwBikb0A=="
    },
    "@rollup/rollup-linux-loongarch64-gnu@4.28.1": {
      "integrity": "sha512-vPul4uodvWvLhRco2w0GcyZcdyBfpfDRgNKU+p35AWEbJ/HPs1tOUrkSueVbBS0RQHAf/A+nNtDpvw95PeVKOA=="
    },
    "@rollup/rollup-linux-powerpc64le-gnu@4.28.1": {
      "integrity": "sha512-pTnTdBuC2+pt1Rmm2SV7JWRqzhYpEILML4PKODqLz+C7Ou2apEV52h19CR7es+u04KlqplggmN9sqZlekg3R1A=="
    },
    "@rollup/rollup-linux-riscv64-gnu@4.28.1": {
      "integrity": "sha512-vWXy1Nfg7TPBSuAncfInmAI/WZDd5vOklyLJDdIRKABcZWojNDY0NJwruY2AcnCLnRJKSaBgf/GiJfauu8cQZA=="
    },
    "@rollup/rollup-linux-s390x-gnu@4.28.1": {
      "integrity": "sha512-/yqC2Y53oZjb0yz8PVuGOQQNOTwxcizudunl/tFs1aLvObTclTwZ0JhXF2XcPT/zuaymemCDSuuUPXJJyqeDOg=="
    },
    "@rollup/rollup-linux-x64-gnu@4.28.1": {
      "integrity": "sha512-fzgeABz7rrAlKYB0y2kSEiURrI0691CSL0+KXwKwhxvj92VULEDQLpBYLHpF49MSiPG4sq5CK3qHMnb9tlCjBw=="
    },
    "@rollup/rollup-linux-x64-musl@4.28.1": {
      "integrity": "sha512-xQTDVzSGiMlSshpJCtudbWyRfLaNiVPXt1WgdWTwWz9n0U12cI2ZVtWe/Jgwyv/6wjL7b66uu61Vg0POWVfz4g=="
    },
    "@rollup/rollup-win32-arm64-msvc@4.28.1": {
      "integrity": "sha512-wSXmDRVupJstFP7elGMgv+2HqXelQhuNf+IS4V+nUpNVi/GUiBgDmfwD0UGN3pcAnWsgKG3I52wMOBnk1VHr/A=="
    },
    "@rollup/rollup-win32-ia32-msvc@4.28.1": {
      "integrity": "sha512-ZkyTJ/9vkgrE/Rk9vhMXhf8l9D+eAhbAVbsGsXKy2ohmJaWg0LPQLnIxRdRp/bKyr8tXuPlXhIoGlEB5XpJnGA=="
    },
    "@rollup/rollup-win32-x64-msvc@4.28.1": {
      "integrity": "sha512-ZvK2jBafvttJjoIdKm/Q/Bh7IJ1Ose9IBOwpOXcOvW3ikGTQGmKDgxTC6oCAzW6PynbkKP8+um1du81XJHZ0JA=="
    },
    "@types/estree@1.0.6": {
      "integrity": "sha512-AYnb1nQyY49te+VRAVgmzfcgjYS91mY5P0TKUDCLEM+gNnA+3T6rWITXRLYCpahpqSQbN5cE+gHpnPyXjHWxcw=="
    },
    "@types/node@22.10.2": {
      "integrity": "sha512-Xxr6BBRCAOQixvonOye19wnzyDiUtTeqldOOmj3CkeblonbccA12PFwlufvRdrpjXxqnmUaeiU5EOA+7s5diUQ==",
      "dependencies": [
        "undici-types"
      ]
    },
    "esbuild@0.24.1": {
      "integrity": "sha512-bHNW57YAKNh1VSbXP33EL9DevtRuT10czGhL9ynKpOAeBMNAkzsP8FSNoFTbU3abQB7kOb+JqUc89FqlZNbEeQ==",
      "dependencies": [
        "@esbuild/aix-ppc64",
        "@esbuild/android-arm",
        "@esbuild/android-arm64",
        "@esbuild/android-x64",
        "@esbuild/darwin-arm64",
        "@esbuild/darwin-x64",
        "@esbuild/freebsd-arm64",
        "@esbuild/freebsd-x64",
        "@esbuild/linux-arm",
        "@esbuild/linux-arm64",
        "@esbuild/linux-ia32",
        "@esbuild/linux-loong64",
        "@esbuild/linux-mips64el",
        "@esbuild/linux-ppc64",
        "@esbuild/linux-riscv64",
        "@esbuild/linux-s390x",
        "@esbuild/linux-x64",
        "@esbuild/netbsd-arm64",
        "@esbuild/netbsd-x64",
        "@esbuild/openbsd-arm64",
        "@esbuild/openbsd-x64",
        "@esbuild/sunos-x64",
        "@esbuild/win32-arm64",
        "@esbuild/win32-ia32",
        "@esbuild/win32-x64"
      ]
    },
    "fsevents@2.3.3": {
      "integrity": "sha512-5xoDfX+fL7faATnagmWPpbFtwh/R77WmMMqqHGS65C3vvB0YHrgF+B1YmZ3441tMj5n63k0212XNoJwzlhffQw=="
    },
    "nanoid@3.3.8": {
      "integrity": "sha512-WNLf5Sd8oZxOm+TzppcYk8gVOgP+l58xNy58D0nbUnOxOWRWvlcCV4kUF7ltmI6PsrLl/BgKEyS4mqsGChFN0w=="
    },
    "picocolors@1.1.1": {
      "integrity": "sha512-xceH2snhtb5M9liqDsmEw56le376mTZkEX/jEb/RxNFyegNul7eNslCXP9FDj/Lcu0X8KEyMceP2ntpaHrDEVA=="
    },
    "postcss@8.4.49": {
      "integrity": "sha512-OCVPnIObs4N29kxTjzLfUryOkvZEq+pf8jTF0lg8E7uETuWHA+v7j3c/xJmiqpX450191LlmZfUKkXxkTry7nA==",
      "dependencies": [
        "nanoid",
        "picocolors",
        "source-map-js"
      ]
    },
    "rollup@4.28.1": {
      "integrity": "sha512-61fXYl/qNVinKmGSTHAZ6Yy8I3YIJC/r2m9feHo6SwVAVcLT5MPwOUFe7EuURA/4m0NR8lXG4BBXuo/IZEsjMg==",
      "dependencies": [
        "@rollup/rollup-android-arm-eabi",
        "@rollup/rollup-android-arm64",
        "@rollup/rollup-darwin-arm64",
        "@rollup/rollup-darwin-x64",
        "@rollup/rollup-freebsd-arm64",
        "@rollup/rollup-freebsd-x64",
        "@rollup/rollup-linux-arm-gnueabihf",
        "@rollup/rollup-linux-arm-musleabihf",
        "@rollup/rollup-linux-arm64-gnu",
        "@rollup/rollup-linux-arm64-musl",
        "@rollup/rollup-linux-loongarch64-gnu",
        "@rollup/rollup-linux-powerpc64le-gnu",
        "@rollup/rollup-linux-riscv64-gnu",
        "@rollup/rollup-linux-s390x-gnu",
        "@rollup/rollup-linux-x64-gnu",
        "@rollup/rollup-linux-x64-musl",
        "@rollup/rollup-win32-arm64-msvc",
        "@rollup/rollup-win32-ia32-msvc",
        "@rollup/rollup-win32-x64-msvc",
        "@types/estree",
        "fsevents"
      ]
    },
    "source-map-js@1.2.1": {
      "integrity": "sha512-UXWMKhLOwVKb728IUtQPXxfYU+usdybtUrK/8uGE8CQMvrhOpwvzDBwj0QhSL7MQc7vIsISBG8VQ8+IDQxpfQA=="
    },
    "undici-types@6.20.0": {
      "integrity": "sha512-Ny6QZ2Nju20vw1SRHe3d9jVu6gJ+4e3+MMpqu7pqE5HT6WsTSlce++GQmK5UXS8mzV8DSYHrQH+Xrf2jVcuKNg=="
    },
    "vite@6.0.4_@types+node@22.10.2": {
      "integrity": "sha512-zwlH6ar+6o6b4Wp+ydhtIKLrGM/LoqZzcdVmkGAFun0KHTzIzjh+h0kungEx7KJg/PYnC80I4TII9WkjciSR6Q==",
      "dependencies": [
        "@types/node",
        "esbuild",
        "fsevents",
        "postcss",
        "rollup"
      ]
    }
  },
  "workspace": {
    "packageJson": {
      "dependencies": [
        "npm:vite@^6.3.5"
      ]
    }
  }
}
